
Microsoft Visual Studio Solution File, Format Version 12.00
# Visual Studio 15
VisualStudioVersion = 15.0.26124.0
MinimumVisualStudioVersion = 15.0.26124.0
Project("{FAE04EC0-301F-11D3-BF4B-00C04F79EFBC}") = "Domain", "Domain\Domain.csproj", "{6BF4F512-E8E6-4A10-B3A8-EF3258AE4969}"
EndProject
Project("{FAE04EC0-301F-11D3-BF4B-00C04F79EFBC}") = "Application", "Application\Application.csproj", "{23D78B17-CA96-4FDB-8014-24B7ADC15854}"
EndProject
Project("{FAE04EC0-301F-11D3-BF4B-00C04F79EFBC}") = "Persistence", "Persistence\Persistence.csproj", "{808D6E7E-1316-43F3-B0A2-7D0D3C043AA9}"
EndProject
Project("{FAE04EC0-301F-11D3-BF4B-00C04F79EFBC}") = "API", "API\API.csproj", "{C8CAD1F6-5411-4ABF-82A8-67169DC675D0}"
EndProject
Global
	GlobalSection(SolutionConfigurationPlatforms) = preSolution
		Debug|Any CPU = Debug|Any CPU
		Debug|x64 = Debug|x64
		Debug|x86 = Debug|x86
		Release|Any CPU = Release|Any CPU
		Release|x64 = Release|x64
		Release|x86 = Release|x86
	EndGlobalSection
	GlobalSection(SolutionProperties) = preSolution
		HideSolutionNode = FALSE
	EndGlobalSection
	GlobalSection(ProjectConfigurationPlatforms) = postSolution
		{6BF4F512-E8E6-4A10-B3A8-EF3258AE4969}.Debug|Any CPU.ActiveCfg = Debug|Any CPU
		{6BF4F512-E8E6-4A10-B3A8-EF3258AE4969}.Debug|Any CPU.Build.0 = Debug|Any CPU
		{6BF4F512-E8E6-4A10-B3A8-EF3258AE4969}.Debug|x64.ActiveCfg = Debug|Any CPU
		{6BF4F512-E8E6-4A10-B3A8-EF3258AE4969}.Debug|x64.Build.0 = Debug|Any CPU
		{6BF4F512-E8E6-4A10-B3A8-EF3258AE4969}.Debug|x86.ActiveCfg = Debug|Any CPU
		{6BF4F512-E8E6-4A10-B3A8-EF3258AE4969}.Debug|x86.Build.0 = Debug|Any CPU
		{6BF4F512-E8E6-4A10-B3A8-EF3258AE4969}.Release|Any CPU.ActiveCfg = Release|Any CPU
		{6BF4F512-E8E6-4A10-B3A8-EF3258AE4969}.Release|Any CPU.Build.0 = Release|Any CPU
		{6BF4F512-E8E6-4A10-B3A8-EF3258AE4969}.Release|x64.ActiveCfg = Release|Any CPU
		{6BF4F512-E8E6-4A10-B3A8-EF3258AE4969}.Release|x64.Build.0 = Release|Any CPU
		{6BF4F512-E8E6-4A10-B3A8-EF3258AE4969}.Release|x86.ActiveCfg = Release|Any CPU
		{6BF4F512-E8E6-4A10-B3A8-EF3258AE4969}.Release|x86.Build.0 = Release|Any CPU
		{23D78B17-CA96-4FDB-8014-24B7ADC15854}.Debug|Any CPU.ActiveCfg = Debug|Any CPU
		{23D78B17-CA96-4FDB-8014-24B7ADC15854}.Debug|Any CPU.Build.0 = Debug|Any CPU
		{23D78B17-CA96-4FDB-8014-24B7ADC15854}.Debug|x64.ActiveCfg = Debug|Any CPU
		{23D78B17-CA96-4FDB-8014-24B7ADC15854}.Debug|x64.Build.0 = Debug|Any CPU
		{23D78B17-CA96-4FDB-8014-24B7ADC15854}.Debug|x86.ActiveCfg = Debug|Any CPU
		{23D78B17-CA96-4FDB-8014-24B7ADC15854}.Debug|x86.Build.0 = Debug|Any CPU
		{23D78B17-CA96-4FDB-8014-24B7ADC15854}.Release|Any CPU.ActiveCfg = Release|Any CPU
		{23D78B17-CA96-4FDB-8014-24B7ADC15854}.Release|Any CPU.Build.0 = Release|Any CPU
		{23D78B17-CA96-4FDB-8014-24B7ADC15854}.Release|x64.ActiveCfg = Release|Any CPU
		{23D78B17-CA96-4FDB-8014-24B7ADC15854}.Release|x64.Build.0 = Release|Any CPU
		{23D78B17-CA96-4FDB-8014-24B7ADC15854}.Release|x86.ActiveCfg = Release|Any CPU
		{23D78B17-CA96-4FDB-8014-24B7ADC15854}.Release|x86.Build.0 = Release|Any CPU
		{808D6E7E-1316-43F3-B0A2-7D0D3C043AA9}.Debug|Any CPU.ActiveCfg = Debug|Any CPU
		{808D6E7E-1316-43F3-B0A2-7D0D3C043AA9}.Debug|Any CPU.Build.0 = Debug|Any CPU
		{808D6E7E-1316-43F3-B0A2-7D0D3C043AA9}.Debug|x64.ActiveCfg = Debug|Any CPU
		{808D6E7E-1316-43F3-B0A2-7D0D3C043AA9}.Debug|x64.Build.0 = Debug|Any CPU
		{808D6E7E-1316-43F3-B0A2-7D0D3C043AA9}.Debug|x86.ActiveCfg = Debug|Any CPU
		{808D6E7E-1316-43F3-B0A2-7D0D3C043AA9}.Debug|x86.Build.0 = Debug|Any CPU
		{808D6E7E-1316-43F3-B0A2-7D0D3C043AA9}.Release|Any CPU.ActiveCfg = Release|Any CPU
		{808D6E7E-1316-43F3-B0A2-7D0D3C043AA9}.Release|Any CPU.Build.0 = Release|Any CPU
		{808D6E7E-1316-43F3-B0A2-7D0D3C043AA9}.Release|x64.ActiveCfg = Release|Any CPU
		{808D6E7E-1316-43F3-B0A2-7D0D3C043AA9}.Release|x64.Build.0 = Release|Any CPU
		{808D6E7E-1316-43F3-B0A2-7D0D3C043AA9}.Release|x86.ActiveCfg = Release|Any CPU
		{808D6E7E-1316-43F3-B0A2-7D0D3C043AA9}.Release|x86.Build.0 = Release|Any CPU
		{C8CAD1F6-5411-4ABF-82A8-67169DC675D0}.Debug|Any CPU.ActiveCfg = Debug|Any CPU
		{C8CAD1F6-5411-4ABF-82A8-67169DC675D0}.Debug|Any CPU.Build.0 = Debug|Any CPU
		{C8CAD1F6-5411-4ABF-82A8-67169DC675D0}.Debug|x64.ActiveCfg = Debug|Any CPU
		{C8CAD1F6-5411-4ABF-82A8-67169DC675D0}.Debug|x64.Build.0 = Debug|Any CPU
		{C8CAD1F6-5411-4ABF-82A8-67169DC675D0}.Debug|x86.ActiveCfg = Debug|Any CPU
		{C8CAD1F6-5411-4ABF-82A8-67169DC675D0}.Debug|x86.Build.0 = Debug|Any CPU
		{C8CAD1F6-5411-4ABF-82A8-67169DC675D0}.Release|Any CPU.ActiveCfg = Release|Any CPU
		{C8CAD1F6-5411-4ABF-82A8-67169DC675D0}.Release|Any CPU.Build.0 = Release|Any CPU
		{C8CAD1F6-5411-4ABF-82A8-67169DC675D0}.Release|x64.ActiveCfg = Release|Any CPU
		{C8CAD1F6-5411-4ABF-82A8-67169DC675D0}.Release|x64.Build.0 = Release|Any CPU
		{C8CAD1F6-5411-4ABF-82A8-67169DC675D0}.Release|x86.ActiveCfg = Release|Any CPU
		{C8CAD1F6-5411-4ABF-82A8-67169DC675D0}.Release|x86.Build.0 = Release|Any CPU
	EndGlobalSection
EndGlobal
